{
  "name": "Rock-Paper",
  "lockfileVersion": 3,
  "requires": true,
  "packages": {
    "": {
      "dependencies": {
        "rock-paper": "^1.0.1"
      }
    },
    "node_modules/@types/node": {
      "version": "20.17.19",
      "resolved": "https://registry.npmjs.org/@types/node/-/node-20.17.19.tgz",
      "integrity": "sha512-LEwC7o1ifqg/6r2gn9Dns0f1rhK+fPFDoMiceTJ6kWmVk6bgXBI/9IOWfVan4WiAavK9pIVWdX0/e3J+eEUh5A==",
      "license": "MIT",
      "dependencies": {
        "undici-types": "~6.19.2"
      }
    },
    "node_modules/rock-paper": {
      "version": "1.0.1",
      "resolved": "https://registry.npmjs.org/rock-paper/-/rock-paper-1.0.1.tgz",
      "integrity": "sha512-25SNUW78gi2gDkU60U5/JtZJCG12COZIkqliHhMlz86E8o6tBAfQvRUPUod3Eg7IzhwnkoOApDqdWqCI49iUGA==",
      "license": "ISC",
      "dependencies": {
        "@types/node": "^20.12.12"
      },
      "bin": {
        "rock-paper": "main.js"
      }
    },
    "node_modules/undici-types": {
      "version": "6.19.8",
      "resolved": "https://registry.npmjs.org/undici-types/-/undici-types-6.19.8.tgz",
      "integrity": "sha512-ve2KP6f/JnbPBFyobGHuerC9g1FYGn/F8n1LWTwNxCEzd6IfqTwUQcNXgEtmmQ6DlRrC1hrSrBnCZPokRrDHjw==",
      "license": "MIT"
    }
  }
}
